// !$*UTF8*$!
{
	archiveVersion = 1;
	classes = {
	};
	objectVersion = 46;
	objects = {

/* Begin PBXBuildFile section */
		1BAEE9171BAC8393000BFDED /* main.m in Sources */ = {isa = PBXBuildFile; fileRef = 1BAEE9161BAC8393000BFDED /* main.m */; };
		1BAEE91A1BAC8393000BFDED /* AppDelegate.m in Sources */ = {isa = PBXBuildFile; fileRef = 1BAEE9191BAC8393000BFDED /* AppDelegate.m */; };
		1BAEE91D1BAC8393000BFDED /* ViewController.m in Sources */ = {isa = PBXBuildFile; fileRef = 1BAEE91C1BAC8393000BFDED /* ViewController.m */; };
		1BAEE9201BAC8393000BFDED /* Main.storyboard in Resources */ = {isa = PBXBuildFile; fileRef = 1BAEE91E1BAC8393000BFDED /* Main.storyboard */; };
		1BAEE9221BAC8393000BFDED /* Assets.xcassets in Resources */ = {isa = PBXBuildFile; fileRef = 1BAEE9211BAC8393000BFDED /* Assets.xcassets */; };
		1BAEE9251BAC8393000BFDED /* LaunchScreen.storyboard in Resources */ = {isa = PBXBuildFile; fileRef = 1BAEE9231BAC8393000BFDED /* LaunchScreen.storyboard */; };
		1BAEE9301BAC8393000BFDED /* IEPhotoCollectionViewSampleTests.m in Sources */ = {isa = PBXBuildFile; fileRef = 1BAEE92F1BAC8393000BFDED /* IEPhotoCollectionViewSampleTests.m */; };
		1BAEE93B1BAC8394000BFDED /* IEPhotoCollectionViewSampleUITests.m in Sources */ = {isa = PBXBuildFile; fileRef = 1BAEE93A1BAC8394000BFDED /* IEPhotoCollectionViewSampleUITests.m */; };
		1BAEE94B1BAC83BB000BFDED /* IEPhotoCollectionView.m in Sources */ = {isa = PBXBuildFile; fileRef = 1BAEE94A1BAC83BB000BFDED /* IEPhotoCollectionView.m */; settings = {ASSET_TAGS = (); }; };
		1BAEE94E1BAC83C8000BFDED /* IECacher.m in Sources */ = {isa = PBXBuildFile; fileRef = 1BAEE94D1BAC83C8000BFDED /* IECacher.m */; settings = {ASSET_TAGS = (); }; };
/* End PBXBuildFile section */

/* Begin PBXContainerItemProxy section */
		1BAEE92C1BAC8393000BFDED /* PBXContainerItemProxy */ = {
			isa = PBXContainerItemProxy;
			containerPortal = 1BAEE90A1BAC8393000BFDED /* Project object */;
			proxyType = 1;
			remoteGlobalIDString = 1BAEE9111BAC8393000BFDED;
			remoteInfo = IEPhotoCollectionViewSample;
		};
		1BAEE9371BAC8394000BFDED /* PBXContainerItemProxy */ = {
			isa = PBXContainerItemProxy;
			containerPortal = 1BAEE90A1BAC8393000BFDED /* Project object */;
			proxyType = 1;
			remoteGlobalIDString = 1BAEE9111BAC8393000BFDED;
			remoteInfo = IEPhotoCollectionViewSample;
		};
/* End PBXContainerItemProxy section */

/* Begin PBXFileReference section */
		1BAEE9121BAC8393000BFDED /* IEPhotoCollectionViewSample.app */ = {isa = PBXFileReference; explicitFileType = wrapper.application; includeInIndex = 0; path = IEPhotoCollectionViewSample.app; sourceTree = BUILT_PRODUCTS_DIR; };
		1BAEE9161BAC8393000BFDED /* main.m */ = {isa = PBXFileReference; lastKnownFileType = sourcecode.c.objc; path = main.m; sourceTree = "<group>"; };
		1BAEE9181BAC8393000BFDED /* AppDelegate.h */ = {isa = PBXFileReference; lastKnownFileType = sourcecode.c.h; path = AppDelegate.h; sourceTree = "<group>"; };
		1BAEE9191BAC8393000BFDED /* AppDelegate.m */ = {isa = PBXFileReference; lastKnownFileType = sourcecode.c.objc; path = AppDelegate.m; sourceTree = "<group>"; };
		1BAEE91B1BAC8393000BFDED /* ViewController.h */ = {isa = PBXFileReference; lastKnownFileType = sourcecode.c.h; path = ViewController.h; sourceTree = "<group>"; };
		1BAEE91C1BAC8393000BFDED /* ViewController.m */ = {isa = PBXFileReference; lastKnownFileType = sourcecode.c.objc; path = ViewController.m; sourceTree = "<group>"; };
		1BAEE91F1BAC8393000BFDED /* Base */ = {isa = PBXFileReference; lastKnownFileType = file.storyboard; name = Base; path = Base.lproj/Main.storyboard; sourceTree = "<group>"; };
		1BAEE9211BAC8393000BFDED /* Assets.xcassets */ = {isa = PBXFileReference; lastKnownFileType = folder.assetcatalog; path = Assets.xcassets; sourceTree = "<group>"; };
		1BAEE9241BAC8393000BFDED /* Base */ = {isa = PBXFileReference; lastKnownFileType = file.storyboard; name = Base; path = Base.lproj/LaunchScreen.storyboard; sourceTree = "<group>"; };
		1BAEE9261BAC8393000BFDED /* Info.plist */ = {isa = PBXFileReference; lastKnownFileType = text.plist.xml; path = Info.plist; sourceTree = "<group>"; };
		1BAEE92B1BAC8393000BFDED /* IEPhotoCollectionViewSampleTests.xctest */ = {isa = PBXFileReference; explicitFileType = wrapper.cfbundle; includeInIndex = 0; path = IEPhotoCollectionViewSampleTests.xctest; sourceTree = BUILT_PRODUCTS_DIR; };
		1BAEE92F1BAC8393000BFDED /* IEPhotoCollectionViewSampleTests.m */ = {isa = PBXFileReference; lastKnownFileType = sourcecode.c.objc; path = IEPhotoCollectionViewSampleTests.m; sourceTree = "<group>"; };
		1BAEE9311BAC8394000BFDED /* Info.plist */ = {isa = PBXFileReference; lastKnownFileType = text.plist.xml; path = Info.plist; sourceTree = "<group>"; };
		1BAEE9361BAC8394000BFDED /* IEPhotoCollectionViewSampleUITests.xctest */ = {isa = PBXFileReference; explicitFileType = wrapper.cfbundle; includeInIndex = 0; path = IEPhotoCollectionViewSampleUITests.xctest; sourceTree = BUILT_PRODUCTS_DIR; };
		1BAEE93A1BAC8394000BFDED /* IEPhotoCollectionViewSampleUITests.m */ = {isa = PBXFileReference; lastKnownFileType = sourcecode.c.objc; path = IEPhotoCollectionViewSampleUITests.m; sourceTree = "<group>"; };
		1BAEE93C1BAC8394000BFDED /* Info.plist */ = {isa = PBXFileReference; lastKnownFileType = text.plist.xml; path = Info.plist; sourceTree = "<group>"; };
		1BAEE9491BAC83BB000BFDED /* IEPhotoCollectionView.h */ = {isa = PBXFileReference; fileEncoding = 4; lastKnownFileType = sourcecode.c.h; path = IEPhotoCollectionView.h; sourceTree = "<group>"; };
		1BAEE94A1BAC83BB000BFDED /* IEPhotoCollectionView.m */ = {isa = PBXFileReference; fileEncoding = 4; lastKnownFileType = sourcecode.c.objc; path = IEPhotoCollectionView.m; sourceTree = "<group>"; };
		1BAEE94C1BAC83C8000BFDED /* IECacher.h */ = {isa = PBXFileReference; fileEncoding = 4; lastKnownFileType = sourcecode.c.h; path = IECacher.h; sourceTree = "<group>"; };
		1BAEE94D1BAC83C8000BFDED /* IECacher.m */ = {isa = PBXFileReference; fileEncoding = 4; lastKnownFileType = sourcecode.c.objc; path = IECacher.m; sourceTree = "<group>"; };
/* End PBXFileReference section */

/* Begin PBXFrameworksBuildPhase section */
		1BAEE90F1BAC8393000BFDED /* Frameworks */ = {
			isa = PBXFrameworksBuildPhase;
			buildActionMask = 2147483647;
			files = (
			);
			runOnlyForDeploymentPostprocessing = 0;
		};
		1BAEE9281BAC8393000BFDED /* Frameworks */ = {
			isa = PBXFrameworksBuildPhase;
			buildActionMask = 2147483647;
			files = (
			);
			runOnlyForDeploymentPostprocessing = 0;
		};
		1BAEE9331BAC8394000BFDED /* Frameworks */ = {
			isa = PBXFrameworksBuildPhase;
			buildActionMask = 2147483647;
			files = (
			);
			runOnlyForDeploymentPostprocessing = 0;
		};
/* End PBXFrameworksBuildPhase section */

/* Begin PBXGroup section */
		1BAEE9091BAC8393000BFDED = {
			isa = PBXGroup;
			children = (
				1BAEE9141BAC8393000BFDED /* IEPhotoCollectionViewSample */,
				1BAEE92E1BAC8393000BFDED /* IEPhotoCollectionViewSampleTests */,
				1BAEE9391BAC8394000BFDED /* IEPhotoCollectionViewSampleUITests */,
				1BAEE9131BAC8393000BFDED /* Products */,
			);
			sourceTree = "<group>";
		};
		1BAEE9131BAC8393000BFDED /* Products */ = {
			isa = PBXGroup;
			children = (
				1BAEE9121BAC8393000BFDED /* IEPhotoCollectionViewSample.app */,
				1BAEE92B1BAC8393000BFDED /* IEPhotoCollectionViewSampleTests.xctest */,
				1BAEE9361BAC8394000BFDED /* IEPhotoCollectionViewSampleUITests.xctest */,
			);
			name = Products;
			sourceTree = "<group>";
		};
		1BAEE9141BAC8393000BFDED /* IEPhotoCollectionViewSample */ = {
			isa = PBXGroup;
			children = (
				1BAEE9481BAC839D000BFDED /* IEPhotoCollectionView */,
				1BAEE9181BAC8393000BFDED /* AppDelegate.h */,
				1BAEE9191BAC8393000BFDED /* AppDelegate.m */,
				1BAEE91B1BAC8393000BFDED /* ViewController.h */,
				1BAEE91C1BAC8393000BFDED /* ViewController.m */,
				1BAEE91E1BAC8393000BFDED /* Main.storyboard */,
				1BAEE9211BAC8393000BFDED /* Assets.xcassets */,
				1BAEE9231BAC8393000BFDED /* LaunchScreen.storyboard */,
				1BAEE9261BAC8393000BFDED /* Info.plist */,
				1BAEE9151BAC8393000BFDED /* Supporting Files */,
			);
			path = IEPhotoCollectionViewSample;
			sourceTree = "<group>";
		};
		1BAEE9151BAC8393000BFDED /* Supporting Files */ = {
			isa = PBXGroup;
			children = (
				1BAEE9161BAC8393000BFDED /* main.m */,
			);
			name = "Supporting Files";
			sourceTree = "<group>";
		};
		1BAEE92E1BAC8393000BFDED /* IEPhotoCollectionViewSampleTests */ = {
			isa = PBXGroup;
			children = (
				1BAEE92F1BAC8393000BFDED /* IEPhotoCollectionViewSampleTests.m */,
				1BAEE9311BAC8394000BFDED /* Info.plist */,
			);
			path = IEPhotoCollectionViewSampleTests;
			sourceTree = "<group>";
		};
		1BAEE9391BAC8394000BFDED /* IEPhotoCollectionViewSampleUITests */ = {
			isa = PBXGroup;
			children = (
				1BAEE93A1BAC8394000BFDED /* IEPhotoCollectionViewSampleUITests.m */,
				1BAEE93C1BAC8394000BFDED /* Info.plist */,
			);
			path = IEPhotoCollectionViewSampleUITests;
			sourceTree = "<group>";
		};
		1BAEE9481BAC839D000BFDED /* IEPhotoCollectionView */ = {
			isa = PBXGroup;
			children = (
				1BAEE9491BAC83BB000BFDED /* IEPhotoCollectionView.h */,
				1BAEE94A1BAC83BB000BFDED /* IEPhotoCollectionView.m */,
				1BAEE94C1BAC83C8000BFDED /* IECacher.h */,
				1BAEE94D1BAC83C8000BFDED /* IECacher.m */,
			);
			name = IEPhotoCollectionView;
			sourceTree = "<group>";
		};
/* End PBXGroup section */

/* Begin PBXNativeTarget section */
		1BAEE9111BAC8393000BFDED /* IEPhotoCollectionViewSample */ = {
			isa = PBXNativeTarget;
			buildConfigurationList = 1BAEE93F1BAC8394000BFDED /* Build configuration list for PBXNativeTarget "IEPhotoCollectionViewSample" */;
			buildPhases = (
				1BAEE90E1BAC8393000BFDED /* Sources */,
				1BAEE90F1BAC8393000BFDED /* Frameworks */,
				1BAEE9101BAC8393000BFDED /* Resources */,
			);
			buildRules = (
			);
			dependencies = (
			);
			name = IEPhotoCollectionViewSample;
			productName = IEPhotoCollectionViewSample;
			productReference = 1BAEE9121BAC8393000BFDED /* IEPhotoCollectionViewSample.app */;
			productType = "com.apple.product-type.application";
		};
		1BAEE92A1BAC8393000BFDED /* IEPhotoCollectionViewSampleTests */ = {
			isa = PBXNativeTarget;
			buildConfigurationList = 1BAEE9421BAC8394000BFDED /* Build configuration list for PBXNativeTarget "IEPhotoCollectionViewSampleTests" */;
			buildPhases = (
				1BAEE9271BAC8393000BFDED /* Sources */,
				1BAEE9281BAC8393000BFDED /* Frameworks */,
				1BAEE9291BAC8393000BFDED /* Resources */,
			);
			buildRules = (
			);
			dependencies = (
				1BAEE92D1BAC8393000BFDED /* PBXTargetDependency */,
			);
			name = IEPhotoCollectionViewSampleTests;
			productName = IEPhotoCollectionViewSampleTests;
			productReference = 1BAEE92B1BAC8393000BFDED /* IEPhotoCollectionViewSampleTests.xctest */;
			productType = "com.apple.product-type.bundle.unit-test";
		};
		1BAEE9351BAC8394000BFDED /* IEPhotoCollectionViewSampleUITests */ = {
			isa = PBXNativeTarget;
			buildConfigurationList = 1BAEE9451BAC8394000BFDED /* Build configuration list for PBXNativeTarget "IEPhotoCollectionViewSampleUITests" */;
			buildPhases = (
				1BAEE9321BAC8394000BFDED /* Sources */,
				1BAEE9331BAC8394000BFDED /* Frameworks */,
				1BAEE9341BAC8394000BFDED /* Resources */,
			);
			buildRules = (
			);
			dependencies = (
				1BAEE9381BAC8394000BFDED /* PBXTargetDependency */,
			);
			name = IEPhotoCollectionViewSampleUITests;
			productName = IEPhotoCollectionViewSampleUITests;
			productReference = 1BAEE9361BAC8394000BFDED /* IEPhotoCollectionViewSampleUITests.xctest */;
			productType = "com.apple.product-type.bundle.ui-testing";
		};
/* End PBXNativeTarget section */

/* Begin PBXProject section */
		1BAEE90A1BAC8393000BFDED /* Project object */ = {
			isa = PBXProject;
			attributes = {
				LastUpgradeCheck = 0700;
				ORGANIZATIONNAME = "Dinesh Kumar";
				TargetAttributes = {
					1BAEE9111BAC8393000BFDED = {
						CreatedOnToolsVersion = 7.0;
					};
					1BAEE92A1BAC8393000BFDED = {
						CreatedOnToolsVersion = 7.0;
						TestTargetID = 1BAEE9111BAC8393000BFDED;
					};
					1BAEE9351BAC8394000BFDED = {
						CreatedOnToolsVersion = 7.0;
						TestTargetID = 1BAEE9111BAC8393000BFDED;
					};
				};
			};
			buildConfigurationList = 1BAEE90D1BAC8393000BFDED /* Build configuration list for PBXProject "IEPhotoCollectionViewSample" */;
			compatibilityVersion = "Xcode 3.2";
			developmentRegion = English;
			hasScannedForEncodings = 0;
			knownRegions = (
				en,
				Base,
			);
			mainGroup = 1BAEE9091BAC8393000BFDED;
			productRefGroup = 1BAEE9131BAC8393000BFDED /* Products */;
			projectDirPath = "";
			projectRoot = "";
			targets = (
				1BAEE9111BAC8393000BFDED /* IEPhotoCollectionViewSample */,
				1BAEE92A1BAC8393000BFDED /* IEPhotoCollectionViewSampleTests */,
				1BAEE9351BAC8394000BFDED /* IEPhotoCollectionViewSampleUITests */,
			);
		};
/* End PBXProject section */

/* Begin PBXResourcesBuildPhase section */
		1BAEE9101BAC8393000BFDED /* Resources */ = {
			isa = PBXResourcesBuildPhase;
			buildActionMask = 2147483647;
			files = (
				1BAEE9251BAC8393000BFDED /* LaunchScreen.storyboard in Resources */,
				1BAEE9221BAC8393000BFDED /* Assets.xcassets in Resources */,
				1BAEE9201BAC8393000BFDED /* Main.storyboard in Resources */,
			);
			runOnlyForDeploymentPostprocessing = 0;
		};
		1BAEE9291BAC8393000BFDED /* Resources */ = {
			isa = PBXResourcesBuildPhase;
			buildActionMask = 2147483647;
			files = (
			);
			runOnlyForDeploymentPostprocessing = 0;
		};
		1BAEE9341BAC8394000BFDED /* Resources */ = {
			isa = PBXResourcesBuildPhase;
			buildActionMask = 2147483647;
			files = (
			);
			runOnlyForDeploymentPostprocessing = 0;
		};
/* End PBXResourcesBuildPhase section */

/* Begin PBXSourcesBuildPhase section */
		1BAEE90E1BAC8393000BFDED /* Sources */ = {
			isa = PBXSourcesBuildPhase;
			buildActionMask = 2147483647;
			files = (
				1BAEE91D1BAC8393000BFDED /* ViewController.m in Sources */,
				1BAEE94E1BAC83C8000BFDED /* IECacher.m in Sources */,
				1BAEE94B1BAC83BB000BFDED /* IEPhotoCollectionView.m in Sources */,
				1BAEE91A1BAC8393000BFDED /* AppDelegate.m in Sources */,
				1BAEE9171BAC8393000BFDED /* main.m in Sources */,
			);
			runOnlyForDeploymentPostprocessing = 0;
		};
		1BAEE9271BAC8393000BFDED /* Sources */ = {
			isa = PBXSourcesBuildPhase;
			buildActionMask = 2147483647;
			files = (
				1BAEE9301BAC8393000BFDED /* IEPhotoCollectionViewSampleTests.m in Sources */,
			);
			runOnlyForDeploymentPostprocessing = 0;
		};
		1BAEE9321BAC8394000BFDED /* Sources */ = {
			isa = PBXSourcesBuildPhase;
			buildActionMask = 2147483647;
			files = (
				1BAEE93B1BAC8394000BFDED /* IEPhotoCollectionViewSampleUITests.m in Sources */,
			);
			runOnlyForDeploymentPostprocessing = 0;
		};
/* End PBXSourcesBuildPhase section */

/* Begin PBXTargetDependency section */
		1BAEE92D1BAC8393000BFDED /* PBXTargetDependency */ = {
			isa = PBXTargetDependency;
			target = 1BAEE9111BAC8393000BFDED /* IEPhotoCollectionViewSample */;
			targetProxy = 1BAEE92C1BAC8393000BFDED /* PBXContainerItemProxy */;
		};
		1BAEE9381BAC8394000BFDED /* PBXTargetDependency */ = {
			isa = PBXTargetDependency;
			target = 1BAEE9111BAC8393000BFDED /* IEPhotoCollectionViewSample */;
			targetProxy = 1BAEE9371BAC8394000BFDED /* PBXContainerItemProxy */;
		};
/* End PBXTargetDependency section */

/* Begin PBXVariantGroup section */
		1BAEE91E1BAC8393000BFDED /* Main.storyboard */ = {
			isa = PBXVariantGroup;
			children = (
				1BAEE91F1BAC8393000BFDED /* Base */,
			);
			name = Main.storyboard;
			sourceTree = "<group>";
		};
		1BAEE9231BAC8393000BFDED /* LaunchScreen.storyboard */ = {
			isa = PBXVariantGroup;
			children = (
				1BAEE9241BAC8393000BFDED /* Base */,
			);
			name = LaunchScreen.storyboard;
			sourceTree = "<group>";
		};
/* End PBXVariantGroup section */

/* Begin XCBuildConfiguration section */
		1BAEE93D1BAC8394000BFDED /* Debug */ = {
			isa = XCBuildConfiguration;
			buildSettings = {
				ALWAYS_SEARCH_USER_PATHS = NO;
				CLANG_CXX_LANGUAGE_STANDARD = "gnu++0x";
				CLANG_CXX_LIBRARY = "libc++";
				CLANG_ENABLE_MODULES = YES;
				CLANG_ENABLE_OBJC_ARC = YES;
				CLANG_WARN_BOOL_CONVERSION = YES;
				CLANG_WARN_CONSTANT_CONVERSION = YES;
				CLANG_WARN_DIRECT_OBJC_ISA_USAGE = YES_ERROR;
				CLANG_WARN_EMPTY_BODY = YES;
				CLANG_WARN_ENUM_CONVERSION = YES;
				CLANG_WARN_INT_CONVERSION = YES;
				CLANG_WARN_OBJC_ROOT_CLASS = YES_ERROR;
				CLANG_WARN_UNREACHABLE_CODE = YES;
				CLANG_WARN__DUPLICATE_METHOD_MATCH = YES;
				"CODE_SIGN_IDENTITY[sdk=iphoneos*]" = "iPhone Developer";
				COPY_PHASE_STRIP = NO;
				DEBUG_INFORMATION_FORMAT = dwarf;
				ENABLE_STRICT_OBJC_MSGSEND = YES;
				ENABLE_TESTABILITY = YES;
				GCC_C_LANGUAGE_STANDARD = gnu99;
				GCC_DYNAMIC_NO_PIC = NO;
				GCC_NO_COMMON_BLOCKS = YES;
				GCC_OPTIMIZATION_LEVEL = 0;
				GCC_PREPROCESSOR_DEFINITIONS = (
					"DEBUG=1",
					"$(inherited)",
				);
				GCC_WARN_64_TO_32_BIT_CONVERSION = YES;
				GCC_WARN_ABOUT_RETURN_TYPE = YES_ERROR;
				GCC_WARN_UNDECLARED_SELECTOR = YES;
				GCC_WARN_UNINITIALIZED_AUTOS = YES_AGGRESSIVE;
				GCC_WARN_UNUSED_FUNCTION = YES;
				GCC_WARN_UNUSED_VARIABLE = YES;
				IPHONEOS_DEPLOYMENT_TARGET = 9.0;
				MTL_ENABLE_DEBUG_INFO = YES;
				ONLY_ACTIVE_ARCH = YES;
				SDKROOT = iphoneos;
				TARGETED_DEVICE_FAMILY = "1,2";
			};
			name = Debug;
		};
		1BAEE93E1BAC8394000BFDED /* Release */ = {
			isa = XCBuildConfiguration;
			buildSettings = {
				ALWAYS_SEARCH_USER_PATHS = NO;
				CLANG_CXX_LANGUAGE_STANDARD = "gnu++0x";
				CLANG_CXX_LIBRARY = "libc++";
				CLANG_ENABLE_MODULES = YES;
				CLANG_ENABLE_OBJC_ARC = YES;
				CLANG_WARN_BOOL_CONVERSION = YES;
				CLANG_WARN_CONSTANT_CONVERSION = YES;
				CLANG_WARN_DIRECT_OBJC_ISA_USAGE = YES_ERROR;
				CLANG_WARN_EMPTY_BODY = YES;
				CLANG_WARN_ENUM_CONVERSION = YES;
				CLANG_WARN_INT_CONVERSION = YES;
				CLANG_WARN_OBJC_ROOT_CLASS = YES_ERROR;
				CLANG_WARN_UNREACHABLE_CODE = YES;
				CLANG_WARN__DUPLICATE_METHOD_MATCH = YES;
				"CODE_SIGN_IDENTITY[sdk=iphoneos*]" = "iPhone Developer";
				COPY_PHASE_STRIP = NO;
				DEBUG_INFORMATION_FORMAT = "dwarf-with-dsym";
				ENABLE_NS_ASSERTIONS = NO;
				ENABLE_STRICT_OBJC_MSGSEND = YES;
				GCC_C_LANGUAGE_STANDARD = gnu99;
				GCC_NO_COMMON_BLOCKS = YES;
				GCC_WARN_64_TO_32_BIT_CONVERSION = YES;
				GCC_WARN_ABOUT_RETURN_TYPE = YES_ERROR;
				GCC_WARN_UNDECLARED_SELECTOR = YES;
				GCC_WARN_UNINITIALIZED_AUTOS = YES_AGGRESSIVE;
				GCC_WARN_UNUSED_FUNCTION = YES;
				GCC_WARN_UNUSED_VARIABLE = YES;
				IPHONEOS_DEPLOYMENT_TARGET = 9.0;
				MTL_ENABLE_DEBUG_INFO = NO;
				SDKROOT = iphoneos;
				TARGETED_DEVICE_FAMILY = "1,2";
				VALIDATE_PRODUCT = YES;
			};
			name = Release;
		};
		1BAEE9401BAC8394000BFDED /* Debug */ = {
			isa = XCBuildConfiguration;
			buildSettings = {
				ASSETCATALOG_COMPILER_APPICON_NAME = AppIcon;
				INFOPLIST_FILE = IEPhotoCollectionViewSample/Info.plist;
				IPHONEOS_DEPLOYMENT_TARGET = 7.0;
				LD_RUNPATH_SEARCH_PATHS = "$(inherited) @executable_path/Frameworks";
				PRODUCT_BUNDLE_IDENTIFIER = com.camping.IEPhotoCollectionViewSample;
				PRODUCT_NAME = "$(TARGET_NAME)";
			};
			name = Debug;
		};
		1BAEE9411BAC8394000BFDED /* Release */ = {
			isa = XCBuildConfiguration;
			buildSettings = {
				ASSETCATALOG_COMPILER_APPICON_NAME = AppIcon;
				INFOPLIST_FILE = IEPhotoCollectionViewSample/Info.plist;
				IPHONEOS_DEPLOYMENT_TARGET = 7.0;
				LD_RUNPATH_SEARCH_PATHS = "$(inherited) @executable_path/Frameworks";
				PRODUCT_BUNDLE_IDENTIFIER = com.camping.IEPhotoCollectionViewSample;
				PRODUCT_NAME = "$(TARGET_NAME)";
			};
			name = Release;
		};
		1BAEE9431BAC8394000BFDED /* Debug */ = {
			isa = XCBuildConfiguration;
			buildSettings = {
				BUNDLE_LOADER = "$(TEST_HOST)";
				INFOPLIST_FILE = IEPhotoCollectionViewSampleTests/Info.plist;
				LD_RUNPATH_SEARCH_PATHS = "$(inherited) @executable_path/Frameworks @loader_path/Frameworks";
				PRODUCT_BUNDLE_IDENTIFIER = com.camping.IEPhotoCollectionViewSampleTests;
				PRODUCT_NAME = "$(TARGET_NAME)";
				TEST_HOST = "$(BUILT_PRODUCTS_DIR)/IEPhotoCollectionViewSample.app/IEPhotoCollectionViewSample";
			};
			name = Debug;
		};
		1BAEE9441BAC8394000BFDED /* Release */ = {
			isa = XCBuildConfiguration;
			buildSettings = {
				BUNDLE_LOADER = "$(TEST_HOST)";
				INFOPLIST_FILE = IEPhotoCollectionViewSampleTests/Info.plist;
				LD_RUNPATH_SEARCH_PATHS = "$(inherited) @executable_path/Frameworks @loader_path/Frameworks";
				PRODUCT_BUNDLE_IDENTIFIER = com.camping.IEPhotoCollectionViewSampleTests;
				PRODUCT_NAME = "$(TARGET_NAME)";
				TEST_HOST = "$(BUILT_PRODUCTS_DIR)/IEPhotoCollectionViewSample.app/IEPhotoCollectionViewSample";
			};
			name = Release;
		};
		1BAEE9461BAC8394000BFDED /* Debug */ = {
			isa = XCBuildConfiguration;
			buildSettings = {
				INFOPLIST_FILE = IEPhotoCollectionViewSampleUITests/Info.plist;
				LD_RUNPATH_SEARCH_PATHS = "$(inherited) @executable_path/Frameworks @loader_path/Frameworks";
				PRODUCT_BUNDLE_IDENTIFIER = com.camping.IEPhotoCollectionViewSampleUITests;
				PRODUCT_NAME = "$(TARGET_NAME)";
				TEST_TARGET_NAME = IEPhotoCollectionViewSample;
				USES_XCTRUNNER = YES;
			};
			name = Debug;
		};
		1BAEE9471BAC8394000BFDED /* Release */ = {
			isa = XCBuildConfiguration;
			buildSettings = {
				INFOPLIST_FILE = IEPhotoCollectionViewSampleUITests/Info.plist;
				LD_RUNPATH_SEARCH_PATHS = "$(inherited) @executable_path/Frameworks @loader_path/Frameworks";
				PRODUCT_BUNDLE_IDENTIFIER = com.camping.IEPhotoCollectionViewSampleUITests;
				PRODUCT_NAME = "$(TARGET_NAME)";
				TEST_TARGET_NAME = IEPhotoCollectionViewSample;
				USES_XCTRUNNER = YES;
			};
			name = Release;
		};
/* End XCBuildConfiguration section */

/* Begin XCConfigurationList section */
		1BAEE90D1BAC8393000BFDED /* Build configuration list for PBXProject "IEPhotoCollectionViewSample" */ = {
			isa = XCConfigurationList;
			buildConfigurations = (
				1BAEE93D1BAC8394000BFDED /* Debug */,
				1BAEE93E1BAC8394000BFDED /* Release */,
			);
			defaultConfigurationIsVisible = 0;
			defaultConfigurationName = Release;
		};
		1BAEE93F1BAC8394000BFDED /* Build configuration list for PBXNativeTarget "IEPhotoCollectionViewSample" */ = {
			isa = XCConfigurationList;
			buildConfigurations = (
				1BAEE9401BAC8394000BFDED /* Debug */,
				1BAEE9411BAC8394000BFDED /* Release */,
			);
			defaultConfigurationIsVisible = 0;
		};
		1BAEE9421BAC8394000BFDED /* Build configuration list for PBXNativeTarget "IEPhotoCollectionViewSampleTests" */ = {
			isa = XCConfigurationList;
			buildConfigurations = (
				1BAEE9431BAC8394000BFDED /* Debug */,
				1BAEE9441BAC8394000BFDED /* Release */,
			);
			defaultConfigurationIsVisible = 0;
		};
		1BAEE9451BAC8394000BFDED /* Build configuration list for PBXNativeTarget "IEPhotoCollectionViewSampleUITests" */ = {
			isa = XCConfigurationList;
			buildConfigurations = (
				1BAEE9461BAC8394000BFDED /* Debug */,
				1BAEE9471BAC8394000BFDED /* Release */,
			);
			defaultConfigurationIsVisible = 0;
		};
/* End XCConfigurationList section */
	};
	rootObject = 1BAEE90A1BAC8393000BFDED /* Project object */;
}
